
Microsoft Visual Studio Solution File, Format Version 12.00
# Visual Studio Version 17
VisualStudioVersion = 17.5.33502.453
MinimumVisualStudioVersion = 10.0.40219.1
Project("{FAE04EC0-301F-11D3-BF4B-00C04F79EFBC}") = "api", "api\api.csproj", "{BCD1D766-442A-4876-A28F-A23563201EB7}"
EndProject
Global
	GlobalSection(SolutionConfigurationPlatforms) = preSolution
		Debug|Any CPU = Debug|Any CPU
		Release|Any CPU = Release|Any CPU
	EndGlobalSection
	GlobalSection(ProjectConfigurationPlatforms) = postSolution
		{BCD1D766-442A-4876-A28F-A23563201EB7}.Debug|Any CPU.ActiveCfg = Debug|Any CPU
		{BCD1D766-442A-4876-A28F-A23563201EB7}.Debug|Any CPU.Build.0 = Debug|Any CPU
		{BCD1D766-442A-4876-A28F-A23563201EB7}.Release|Any CPU.ActiveCfg = Release|Any CPU
		{BCD1D766-442A-4876-A28F-A23563201EB7}.Release|Any CPU.Build.0 = Release|Any CPU
	EndGlobalSection
	GlobalSection(SolutionProperties) = preSolution
		HideSolutionNode = FALSE
	EndGlobalSection
	GlobalSection(ExtensibilityGlobals) = postSolution
		SolutionGuid = {1F2929F9-3E83-4CE2-A5E6-07BA6F7959EA}
	EndGlobalSection
EndGlobal
